// !$*UTF8*$!
{
	archiveVersion = 1;
	classes = {
	};
	objectVersion = 56;
	objects = {

/* Begin PBXBuildFile section */
		51093C922CDBCEAD00AC9DE6 /* AppDelegate.swift in Sources */ = {isa = PBXBuildFile; fileRef = 51093C912CDBCEAD00AC9DE6 /* AppDelegate.swift */; };
		51093C942CDBCEAD00AC9DE6 /* SceneDelegate.swift in Sources */ = {isa = PBXBuildFile; fileRef = 51093C932CDBCEAD00AC9DE6 /* SceneDelegate.swift */; };
		51093C992CDBCEAD00AC9DE6 /* Main.storyboard in Resources */ = {isa = PBXBuildFile; fileRef = 51093C972CDBCEAD00AC9DE6 /* Main.storyboard */; };
		51093C9E2CDBCEAE00AC9DE6 /* LaunchScreen.storyboard in Resources */ = {isa = PBXBuildFile; fileRef = 51093C9C2CDBCEAE00AC9DE6 /* LaunchScreen.storyboard */; };
		51180A6B2CDF781B005BE39D /* TeamTableViewCell.swift in Sources */ = {isa = PBXBuildFile; fileRef = 51180A6A2CDF781B005BE39D /* TeamTableViewCell.swift */; };
		51737F032CDD1A2500BC9F4E /* Assets.xcassets in Resources */ = {isa = PBXBuildFile; fileRef = 51737F022CDD1A2500BC9F4E /* Assets.xcassets */; };
		51737F082CDD219F00BC9F4E /* ChantsViewController.swift in Sources */ = {isa = PBXBuildFile; fileRef = 51737F072CDD219F00BC9F4E /* ChantsViewController.swift */; };
		51737F1F2CDD23FB00BC9F4E /* burnley.mp3 in Resources */ = {isa = PBXBuildFile; fileRef = 51737F0B2CDD23FB00BC9F4E /* burnley.mp3 */; };
		51737F202CDD23FB00BC9F4E /* newcastle.mp3 in Resources */ = {isa = PBXBuildFile; fileRef = 51737F0C2CDD23FB00BC9F4E /* newcastle.mp3 */; };
		51737F212CDD23FB00BC9F4E /* sheffield.mp3 in Resources */ = {isa = PBXBuildFile; fileRef = 51737F0D2CDD23FB00BC9F4E /* sheffield.mp3 */; };
		51737F222CDD23FB00BC9F4E /* west_brom.mp3 in Resources */ = {isa = PBXBuildFile; fileRef = 51737F0E2CDD23FB00BC9F4E /* west_brom.mp3 */; };
		51737F232CDD23FB00BC9F4E /* wolves.mp3 in Resources */ = {isa = PBXBuildFile; fileRef = 51737F0F2CDD23FB00BC9F4E /* wolves.mp3 */; };
		51737F242CDD23FB00BC9F4E /* aston_villa.mp3 in Resources */ = {isa = PBXBuildFile; fileRef = 51737F102CDD23FB00BC9F4E /* aston_villa.mp3 */; };
		51737F252CDD23FB00BC9F4E /* liverpool.mp3 in Resources */ = {isa = PBXBuildFile; fileRef = 51737F112CDD23FB00BC9F4E /* liverpool.mp3 */; };
		51737F262CDD23FB00BC9F4E /* fulham.mp3 in Resources */ = {isa = PBXBuildFile; fileRef = 51737F122CDD23FB00BC9F4E /* fulham.mp3 */; };
		51737F272CDD23FB00BC9F4E /* southampton.mp3 in Resources */ = {isa = PBXBuildFile; fileRef = 51737F132CDD23FB00BC9F4E /* southampton.mp3 */; };
		51737F282CDD23FB00BC9F4E /* chelsea.mp3 in Resources */ = {isa = PBXBuildFile; fileRef = 51737F142CDD23FB00BC9F4E /* chelsea.mp3 */; };
		51737F292CDD23FB00BC9F4E /* leeds.mp3 in Resources */ = {isa = PBXBuildFile; fileRef = 51737F152CDD23FB00BC9F4E /* leeds.mp3 */; };
		51737F2A2CDD23FB00BC9F4E /* palace.mp3 in Resources */ = {isa = PBXBuildFile; fileRef = 51737F162CDD23FB00BC9F4E /* palace.mp3 */; };
		51737F2B2CDD23FB00BC9F4E /* tottenham.mp3 in Resources */ = {isa = PBXBuildFile; fileRef = 51737F172CDD23FB00BC9F4E /* tottenham.mp3 */; };
		51737F2C2CDD23FB00BC9F4E /* brighton.mp3 in Resources */ = {isa = PBXBuildFile; fileRef = 51737F182CDD23FB00BC9F4E /* brighton.mp3 */; };
		51737F2D2CDD23FB00BC9F4E /* leicester.mp3 in Resources */ = {isa = PBXBuildFile; fileRef = 51737F192CDD23FB00BC9F4E /* leicester.mp3 */; };
		51737F2E2CDD23FB00BC9F4E /* manchester_city.mp3 in Resources */ = {isa = PBXBuildFile; fileRef = 51737F1A2CDD23FB00BC9F4E /* manchester_city.mp3 */; };
		51737F2F2CDD23FB00BC9F4E /* manchester_united.mp3 in Resources */ = {isa = PBXBuildFile; fileRef = 51737F1B2CDD23FB00BC9F4E /* manchester_united.mp3 */; };
		51737F302CDD23FB00BC9F4E /* arsenal.mp3 in Resources */ = {isa = PBXBuildFile; fileRef = 51737F1C2CDD23FB00BC9F4E /* arsenal.mp3 */; };
		51737F312CDD23FB00BC9F4E /* everton.mp3 in Resources */ = {isa = PBXBuildFile; fileRef = 51737F1D2CDD23FB00BC9F4E /* everton.mp3 */; };
		51737F322CDD23FB00BC9F4E /* Teams.swift in Sources */ = {isa = PBXBuildFile; fileRef = 51737F1E2CDD23FB00BC9F4E /* Teams.swift */; };
		51AA2D602CDEDF4C00A08B85 /* TeamModel.swift in Sources */ = {isa = PBXBuildFile; fileRef = 51AA2D5F2CDEDF4C00A08B85 /* TeamModel.swift */; };
		51AA2D622CDEDFC500A08B85 /* ManagerModel.swift in Sources */ = {isa = PBXBuildFile; fileRef = 51AA2D612CDEDFC500A08B85 /* ManagerModel.swift */; };
		51AA2D652CDEE0E700A08B85 /* TeamsViewModel.swift in Sources */ = {isa = PBXBuildFile; fileRef = 51AA2D642CDEE0E700A08B85 /* TeamsViewModel.swift */; };
		51DD8C842CE2346900ECC0DA /* Assets.swift in Sources */ = {isa = PBXBuildFile; fileRef = 51DD8C832CE2346900ECC0DA /* Assets.swift */; };
/* End PBXBuildFile section */

/* Begin PBXFileReference section */
		51093C8E2CDBCEAD00AC9DE6 /* Football Chants.app */ = {isa = PBXFileReference; explicitFileType = wrapper.application; includeInIndex = 0; path = "Football Chants.app"; sourceTree = BUILT_PRODUCTS_DIR; };
		51093C912CDBCEAD00AC9DE6 /* AppDelegate.swift */ = {isa = PBXFileReference; lastKnownFileType = sourcecode.swift; path = AppDelegate.swift; sourceTree = "<group>"; };
		51093C932CDBCEAD00AC9DE6 /* SceneDelegate.swift */ = {isa = PBXFileReference; lastKnownFileType = sourcecode.swift; path = SceneDelegate.swift; sourceTree = "<group>"; };
		51093C982CDBCEAD00AC9DE6 /* Base */ = {isa = PBXFileReference; lastKnownFileType = file.storyboard; name = Base; path = Base.lproj/Main.storyboard; sourceTree = "<group>"; };
		51093C9D2CDBCEAE00AC9DE6 /* Base */ = {isa = PBXFileReference; lastKnownFileType = file.storyboard; name = Base; path = Base.lproj/LaunchScreen.storyboard; sourceTree = "<group>"; };
		51093C9F2CDBCEAE00AC9DE6 /* Info.plist */ = {isa = PBXFileReference; lastKnownFileType = text.plist.xml; path = Info.plist; sourceTree = "<group>"; };
		51180A6A2CDF781B005BE39D /* TeamTableViewCell.swift */ = {isa = PBXFileReference; lastKnownFileType = sourcecode.swift; path = TeamTableViewCell.swift; sourceTree = "<group>"; };
		51737F022CDD1A2500BC9F4E /* Assets.xcassets */ = {isa = PBXFileReference; lastKnownFileType = folder.assetcatalog; path = Assets.xcassets; sourceTree = "<group>"; };
		51737F072CDD219F00BC9F4E /* ChantsViewController.swift */ = {isa = PBXFileReference; lastKnownFileType = sourcecode.swift; path = ChantsViewController.swift; sourceTree = "<group>"; };
		51737F0B2CDD23FB00BC9F4E /* burnley.mp3 */ = {isa = PBXFileReference; lastKnownFileType = audio.mp3; path = burnley.mp3; sourceTree = "<group>"; };
		51737F0C2CDD23FB00BC9F4E /* newcastle.mp3 */ = {isa = PBXFileReference; lastKnownFileType = audio.mp3; path = newcastle.mp3; sourceTree = "<group>"; };
		51737F0D2CDD23FB00BC9F4E /* sheffield.mp3 */ = {isa = PBXFileReference; lastKnownFileType = audio.mp3; path = sheffield.mp3; sourceTree = "<group>"; };
		51737F0E2CDD23FB00BC9F4E /* west_brom.mp3 */ = {isa = PBXFileReference; lastKnownFileType = audio.mp3; path = west_brom.mp3; sourceTree = "<group>"; };
		51737F0F2CDD23FB00BC9F4E /* wolves.mp3 */ = {isa = PBXFileReference; lastKnownFileType = audio.mp3; path = wolves.mp3; sourceTree = "<group>"; };
		51737F102CDD23FB00BC9F4E /* aston_villa.mp3 */ = {isa = PBXFileReference; lastKnownFileType = audio.mp3; path = aston_villa.mp3; sourceTree = "<group>"; };
		51737F112CDD23FB00BC9F4E /* liverpool.mp3 */ = {isa = PBXFileReference; lastKnownFileType = audio.mp3; path = liverpool.mp3; sourceTree = "<group>"; };
		51737F122CDD23FB00BC9F4E /* fulham.mp3 */ = {isa = PBXFileReference; lastKnownFileType = audio.mp3; path = fulham.mp3; sourceTree = "<group>"; };
		51737F132CDD23FB00BC9F4E /* southampton.mp3 */ = {isa = PBXFileReference; lastKnownFileType = audio.mp3; path = southampton.mp3; sourceTree = "<group>"; };
		51737F142CDD23FB00BC9F4E /* chelsea.mp3 */ = {isa = PBXFileReference; lastKnownFileType = audio.mp3; path = chelsea.mp3; sourceTree = "<group>"; };
		51737F152CDD23FB00BC9F4E /* leeds.mp3 */ = {isa = PBXFileReference; lastKnownFileType = audio.mp3; path = leeds.mp3; sourceTree = "<group>"; };
		51737F162CDD23FB00BC9F4E /* palace.mp3 */ = {isa = PBXFileReference; lastKnownFileType = audio.mp3; path = palace.mp3; sourceTree = "<group>"; };
		51737F172CDD23FB00BC9F4E /* tottenham.mp3 */ = {isa = PBXFileReference; lastKnownFileType = audio.mp3; path = tottenham.mp3; sourceTree = "<group>"; };
		51737F182CDD23FB00BC9F4E /* brighton.mp3 */ = {isa = PBXFileReference; lastKnownFileType = audio.mp3; path = brighton.mp3; sourceTree = "<group>"; };
		51737F192CDD23FB00BC9F4E /* leicester.mp3 */ = {isa = PBXFileReference; lastKnownFileType = audio.mp3; path = leicester.mp3; sourceTree = "<group>"; };
		51737F1A2CDD23FB00BC9F4E /* manchester_city.mp3 */ = {isa = PBXFileReference; lastKnownFileType = audio.mp3; path = manchester_city.mp3; sourceTree = "<group>"; };
		51737F1B2CDD23FB00BC9F4E /* manchester_united.mp3 */ = {isa = PBXFileReference; lastKnownFileType = audio.mp3; path = manchester_united.mp3; sourceTree = "<group>"; };
		51737F1C2CDD23FB00BC9F4E /* arsenal.mp3 */ = {isa = PBXFileReference; lastKnownFileType = audio.mp3; path = arsenal.mp3; sourceTree = "<group>"; };
		51737F1D2CDD23FB00BC9F4E /* everton.mp3 */ = {isa = PBXFileReference; lastKnownFileType = audio.mp3; path = everton.mp3; sourceTree = "<group>"; };
		51737F1E2CDD23FB00BC9F4E /* Teams.swift */ = {isa = PBXFileReference; fileEncoding = 4; lastKnownFileType = sourcecode.swift; path = Teams.swift; sourceTree = "<group>"; };
		51AA2D5F2CDEDF4C00A08B85 /* TeamModel.swift */ = {isa = PBXFileReference; lastKnownFileType = sourcecode.swift; path = TeamModel.swift; sourceTree = "<group>"; };
		51AA2D612CDEDFC500A08B85 /* ManagerModel.swift */ = {isa = PBXFileReference; lastKnownFileType = sourcecode.swift; path = ManagerModel.swift; sourceTree = "<group>"; };
		51AA2D642CDEE0E700A08B85 /* TeamsViewModel.swift */ = {isa = PBXFileReference; fileEncoding = 4; lastKnownFileType = sourcecode.swift; path = TeamsViewModel.swift; sourceTree = "<group>"; };
		51DD8C832CE2346900ECC0DA /* Assets.swift */ = {isa = PBXFileReference; lastKnownFileType = sourcecode.swift; path = Assets.swift; sourceTree = "<group>"; };
/* End PBXFileReference section */

/* Begin PBXFrameworksBuildPhase section */
		51093C8B2CDBCEAD00AC9DE6 /* Frameworks */ = {
			isa = PBXFrameworksBuildPhase;
			buildActionMask = 2147483647;
			files = (
			);
			runOnlyForDeploymentPostprocessing = 0;
		};
/* End PBXFrameworksBuildPhase section */

/* Begin PBXGroup section */
		51093C852CDBCEAD00AC9DE6 = {
			isa = PBXGroup;
			children = (
				51093C902CDBCEAD00AC9DE6 /* Football Chants */,
				51093C8F2CDBCEAD00AC9DE6 /* Products */,
			);
			sourceTree = "<group>";
		};
		51093C8F2CDBCEAD00AC9DE6 /* Products */ = {
			isa = PBXGroup;
			children = (
				51093C8E2CDBCEAD00AC9DE6 /* Football Chants.app */,
			);
			name = Products;
			sourceTree = "<group>";
		};
		51093C902CDBCEAD00AC9DE6 /* Football Chants */ = {
			isa = PBXGroup;
			children = (
				51180A692CDF7800005BE39D /* Views */,
				51AA2D632CDEE0E700A08B85 /* ViewModel */,
				51AA2D5E2CDEDF3400A08B85 /* Model */,
				51737F092CDD23FB00BC9F4E /* Resources */,
				51737F062CDD213900BC9F4E /* ViewControllers */,
				51737F022CDD1A2500BC9F4E /* Assets.xcassets */,
				51093C912CDBCEAD00AC9DE6 /* AppDelegate.swift */,
				51093C932CDBCEAD00AC9DE6 /* SceneDelegate.swift */,
				51093C972CDBCEAD00AC9DE6 /* Main.storyboard */,
				51093C9C2CDBCEAE00AC9DE6 /* LaunchScreen.storyboard */,
				51093C9F2CDBCEAE00AC9DE6 /* Info.plist */,
			);
			path = "Football Chants";
			sourceTree = "<group>";
		};
		51180A692CDF7800005BE39D /* Views */ = {
			isa = PBXGroup;
			children = (
				51180A6A2CDF781B005BE39D /* TeamTableViewCell.swift */,
			);
			path = Views;
			sourceTree = "<group>";
		};
		51737F062CDD213900BC9F4E /* ViewControllers */ = {
			isa = PBXGroup;
			children = (
				51737F072CDD219F00BC9F4E /* ChantsViewController.swift */,
			);
			path = ViewControllers;
			sourceTree = "<group>";
		};
		51737F092CDD23FB00BC9F4E /* Resources */ = {
			isa = PBXGroup;
			children = (
				51737F0A2CDD23FB00BC9F4E /* Chants */,
				51737F1E2CDD23FB00BC9F4E /* Teams.swift */,
				51DD8C832CE2346900ECC0DA /* Assets.swift */,
			);
			path = Resources;
			sourceTree = "<group>";
		};
		51737F0A2CDD23FB00BC9F4E /* Chants */ = {
			isa = PBXGroup;
			children = (
				51737F0B2CDD23FB00BC9F4E /* burnley.mp3 */,
				51737F0C2CDD23FB00BC9F4E /* newcastle.mp3 */,
				51737F0D2CDD23FB00BC9F4E /* sheffield.mp3 */,
				51737F0E2CDD23FB00BC9F4E /* west_brom.mp3 */,
				51737F0F2CDD23FB00BC9F4E /* wolves.mp3 */,
				51737F102CDD23FB00BC9F4E /* aston_villa.mp3 */,
				51737F112CDD23FB00BC9F4E /* liverpool.mp3 */,
				51737F122CDD23FB00BC9F4E /* fulham.mp3 */,
				51737F132CDD23FB00BC9F4E /* southampton.mp3 */,
				51737F142CDD23FB00BC9F4E /* chelsea.mp3 */,
				51737F152CDD23FB00BC9F4E /* leeds.mp3 */,
				51737F162CDD23FB00BC9F4E /* palace.mp3 */,
				51737F172CDD23FB00BC9F4E /* tottenham.mp3 */,
				51737F182CDD23FB00BC9F4E /* brighton.mp3 */,
				51737F192CDD23FB00BC9F4E /* leicester.mp3 */,
				51737F1A2CDD23FB00BC9F4E /* manchester_city.mp3 */,
				51737F1B2CDD23FB00BC9F4E /* manchester_united.mp3 */,
				51737F1C2CDD23FB00BC9F4E /* arsenal.mp3 */,
				51737F1D2CDD23FB00BC9F4E /* everton.mp3 */,
			);
			path = Chants;
			sourceTree = "<group>";
		};
		51AA2D5E2CDEDF3400A08B85 /* Model */ = {
			isa = PBXGroup;
			children = (
				51AA2D5F2CDEDF4C00A08B85 /* TeamModel.swift */,
				51AA2D612CDEDFC500A08B85 /* ManagerModel.swift */,
			);
			path = Model;
			sourceTree = "<group>";
		};
		51AA2D632CDEE0E700A08B85 /* ViewModel */ = {
			isa = PBXGroup;
			children = (
				51AA2D642CDEE0E700A08B85 /* TeamsViewModel.swift */,
			);
			path = ViewModel;
			sourceTree = "<group>";
		};
/* End PBXGroup section */

/* Begin PBXNativeTarget section */
		51093C8D2CDBCEAD00AC9DE6 /* Football Chants */ = {
			isa = PBXNativeTarget;
			buildConfigurationList = 51093CA22CDBCEAE00AC9DE6 /* Build configuration list for PBXNativeTarget "Football Chants" */;
			buildPhases = (
				51093C8A2CDBCEAD00AC9DE6 /* Sources */,
				51093C8B2CDBCEAD00AC9DE6 /* Frameworks */,
				51093C8C2CDBCEAD00AC9DE6 /* Resources */,
			);
			buildRules = (
			);
			dependencies = (
			);
			name = "Football Chants";
			productName = "Football Chants";
			productReference = 51093C8E2CDBCEAD00AC9DE6 /* Football Chants.app */;
			productType = "com.apple.product-type.application";
		};
/* End PBXNativeTarget section */

/* Begin PBXProject section */
		51093C862CDBCEAD00AC9DE6 /* Project object */ = {
			isa = PBXProject;
			attributes = {
				BuildIndependentTargetsInParallel = 1;
				LastSwiftUpdateCheck = 1430;
				LastUpgradeCheck = 1430;
				TargetAttributes = {
					51093C8D2CDBCEAD00AC9DE6 = {
						CreatedOnToolsVersion = 14.3.1;
					};
				};
			};
			buildConfigurationList = 51093C892CDBCEAD00AC9DE6 /* Build configuration list for PBXProject "Football Chants" */;
			compatibilityVersion = "Xcode 14.0";
			developmentRegion = en;
			hasScannedForEncodings = 0;
			knownRegions = (
				en,
				Base,
			);
			mainGroup = 51093C852CDBCEAD00AC9DE6;
			productRefGroup = 51093C8F2CDBCEAD00AC9DE6 /* Products */;
			projectDirPath = "";
			projectRoot = "";
			targets = (
				51093C8D2CDBCEAD00AC9DE6 /* Football Chants */,
			);
		};
/* End PBXProject section */

/* Begin PBXResourcesBuildPhase section */
		51093C8C2CDBCEAD00AC9DE6 /* Resources */ = {
			isa = PBXResourcesBuildPhase;
			buildActionMask = 2147483647;
			files = (
				51737F2A2CDD23FB00BC9F4E /* palace.mp3 in Resources */,
				51737F262CDD23FB00BC9F4E /* fulham.mp3 in Resources */,
				51737F282CDD23FB00BC9F4E /* chelsea.mp3 in Resources */,
				51737F232CDD23FB00BC9F4E /* wolves.mp3 in Resources */,
				51737F312CDD23FB00BC9F4E /* everton.mp3 in Resources */,
				51093C9E2CDBCEAE00AC9DE6 /* LaunchScreen.storyboard in Resources */,
				51737F272CDD23FB00BC9F4E /* southampton.mp3 in Resources */,
				51737F242CDD23FB00BC9F4E /* aston_villa.mp3 in Resources */,
				51737F2D2CDD23FB00BC9F4E /* leicester.mp3 in Resources */,
				51737F202CDD23FB00BC9F4E /* newcastle.mp3 in Resources */,
				51737F2F2CDD23FB00BC9F4E /* manchester_united.mp3 in Resources */,
				51737F222CDD23FB00BC9F4E /* west_brom.mp3 in Resources */,
				51737F032CDD1A2500BC9F4E /* Assets.xcassets in Resources */,
				51737F212CDD23FB00BC9F4E /* sheffield.mp3 in Resources */,
				51737F1F2CDD23FB00BC9F4E /* burnley.mp3 in Resources */,
				51093C992CDBCEAD00AC9DE6 /* Main.storyboard in Resources */,
				51737F292CDD23FB00BC9F4E /* leeds.mp3 in Resources */,
				51737F252CDD23FB00BC9F4E /* liverpool.mp3 in Resources */,
				51737F2B2CDD23FB00BC9F4E /* tottenham.mp3 in Resources */,
				51737F2C2CDD23FB00BC9F4E /* brighton.mp3 in Resources */,
				51737F302CDD23FB00BC9F4E /* arsenal.mp3 in Resources */,
				51737F2E2CDD23FB00BC9F4E /* manchester_city.mp3 in Resources */,
			);
			runOnlyForDeploymentPostprocessing = 0;
		};
/* End PBXResourcesBuildPhase section */

/* Begin PBXSourcesBuildPhase section */
		51093C8A2CDBCEAD00AC9DE6 /* Sources */ = {
			isa = PBXSourcesBuildPhase;
			buildActionMask = 2147483647;
			files = (
				51737F322CDD23FB00BC9F4E /* Teams.swift in Sources */,
				51AA2D652CDEE0E700A08B85 /* TeamsViewModel.swift in Sources */,
				51AA2D622CDEDFC500A08B85 /* ManagerModel.swift in Sources */,
				51AA2D602CDEDF4C00A08B85 /* TeamModel.swift in Sources */,
				51180A6B2CDF781B005BE39D /* TeamTableViewCell.swift in Sources */,
				51737F082CDD219F00BC9F4E /* ChantsViewController.swift in Sources */,
				51093C922CDBCEAD00AC9DE6 /* AppDelegate.swift in Sources */,
				51093C942CDBCEAD00AC9DE6 /* SceneDelegate.swift in Sources */,
				51DD8C842CE2346900ECC0DA /* Assets.swift in Sources */,
			);
			runOnlyForDeploymentPostprocessing = 0;
		};
/* End PBXSourcesBuildPhase section */

/* Begin PBXVariantGroup section */
		51093C972CDBCEAD00AC9DE6 /* Main.storyboard */ = {
			isa = PBXVariantGroup;
			children = (
				51093C982CDBCEAD00AC9DE6 /* Base */,
			);
			name = Main.storyboard;
			sourceTree = "<group>";
		};
		51093C9C2CDBCEAE00AC9DE6 /* LaunchScreen.storyboard */ = {
			isa = PBXVariantGroup;
			children = (
				51093C9D2CDBCEAE00AC9DE6 /* Base */,
			);
			name = LaunchScreen.storyboard;
			sourceTree = "<group>";
		};
/* End PBXVariantGroup section */

/* Begin XCBuildConfiguration section */
		51093CA02CDBCEAE00AC9DE6 /* Debug */ = {
			isa = XCBuildConfiguration;
			buildSettings = {
				ALWAYS_SEARCH_USER_PATHS = NO;
				CLANG_ANALYZER_NONNULL = YES;
				CLANG_ANALYZER_NUMBER_OBJECT_CONVERSION = YES_AGGRESSIVE;
				CLANG_CXX_LANGUAGE_STANDARD = "gnu++20";
				CLANG_ENABLE_MODULES = YES;
				CLANG_ENABLE_OBJC_ARC = YES;
				CLANG_ENABLE_OBJC_WEAK = YES;
				CLANG_WARN_BLOCK_CAPTURE_AUTORELEASING = YES;
				CLANG_WARN_BOOL_CONVERSION = YES;
				CLANG_WARN_COMMA = YES;
				CLANG_WARN_CONSTANT_CONVERSION = YES;
				CLANG_WARN_DEPRECATED_OBJC_IMPLEMENTATIONS = YES;
				CLANG_WARN_DIRECT_OBJC_ISA_USAGE = YES_ERROR;
				CLANG_WARN_DOCUMENTATION_COMMENTS = YES;
				CLANG_WARN_EMPTY_BODY = YES;
				CLANG_WARN_ENUM_CONVERSION = YES;
				CLANG_WARN_INFINITE_RECURSION = YES;
				CLANG_WARN_INT_CONVERSION = YES;
				CLANG_WARN_NON_LITERAL_NULL_CONVERSION = YES;
				CLANG_WARN_OBJC_IMPLICIT_RETAIN_SELF = YES;
				CLANG_WARN_OBJC_LITERAL_CONVERSION = YES;
				CLANG_WARN_OBJC_ROOT_CLASS = YES_ERROR;
				CLANG_WARN_QUOTED_INCLUDE_IN_FRAMEWORK_HEADER = YES;
				CLANG_WARN_RANGE_LOOP_ANALYSIS = YES;
				CLANG_WARN_STRICT_PROTOTYPES = YES;
				CLANG_WARN_SUSPICIOUS_MOVE = YES;
				CLANG_WARN_UNGUARDED_AVAILABILITY = YES_AGGRESSIVE;
				CLANG_WARN_UNREACHABLE_CODE = YES;
				CLANG_WARN__DUPLICATE_METHOD_MATCH = YES;
				COPY_PHASE_STRIP = NO;
				DEBUG_INFORMATION_FORMAT = dwarf;
				ENABLE_STRICT_OBJC_MSGSEND = YES;
				ENABLE_TESTABILITY = YES;
				GCC_C_LANGUAGE_STANDARD = gnu11;
				GCC_DYNAMIC_NO_PIC = NO;
				GCC_NO_COMMON_BLOCKS = YES;
				GCC_OPTIMIZATION_LEVEL = 0;
				GCC_PREPROCESSOR_DEFINITIONS = (
					"DEBUG=1",
					"$(inherited)",
				);
				GCC_WARN_64_TO_32_BIT_CONVERSION = YES;
				GCC_WARN_ABOUT_RETURN_TYPE = YES_ERROR;
				GCC_WARN_UNDECLARED_SELECTOR = YES;
				GCC_WARN_UNINITIALIZED_AUTOS = YES_AGGRESSIVE;
				GCC_WARN_UNUSED_FUNCTION = YES;
				GCC_WARN_UNUSED_VARIABLE = YES;
				IPHONEOS_DEPLOYMENT_TARGET = 16.4;
				MTL_ENABLE_DEBUG_INFO = INCLUDE_SOURCE;
				MTL_FAST_MATH = YES;
				ONLY_ACTIVE_ARCH = YES;
				SDKROOT = iphoneos;
				SWIFT_ACTIVE_COMPILATION_CONDITIONS = DEBUG;
				SWIFT_OPTIMIZATION_LEVEL = "-Onone";
			};
			name = Debug;
		};
		51093CA12CDBCEAE00AC9DE6 /* Release */ = {
			isa = XCBuildConfiguration;
			buildSettings = {
				ALWAYS_SEARCH_USER_PATHS = NO;
				CLANG_ANALYZER_NONNULL = YES;
				CLANG_ANALYZER_NUMBER_OBJECT_CONVERSION = YES_AGGRESSIVE;
				CLANG_CXX_LANGUAGE_STANDARD = "gnu++20";
				CLANG_ENABLE_MODULES = YES;
				CLANG_ENABLE_OBJC_ARC = YES;
				CLANG_ENABLE_OBJC_WEAK = YES;
				CLANG_WARN_BLOCK_CAPTURE_AUTORELEASING = YES;
				CLANG_WARN_BOOL_CONVERSION = YES;
				CLANG_WARN_COMMA = YES;
				CLANG_WARN_CONSTANT_CONVERSION = YES;
				CLANG_WARN_DEPRECATED_OBJC_IMPLEMENTATIONS = YES;
				CLANG_WARN_DIRECT_OBJC_ISA_USAGE = YES_ERROR;
				CLANG_WARN_DOCUMENTATION_COMMENTS = YES;
				CLANG_WARN_EMPTY_BODY = YES;
				CLANG_WARN_ENUM_CONVERSION = YES;
				CLANG_WARN_INFINITE_RECURSION = YES;
				CLANG_WARN_INT_CONVERSION = YES;
				CLANG_WARN_NON_LITERAL_NULL_CONVERSION = YES;
				CLANG_WARN_OBJC_IMPLICIT_RETAIN_SELF = YES;
				CLANG_WARN_OBJC_LITERAL_CONVERSION = YES;
				CLANG_WARN_OBJC_ROOT_CLASS = YES_ERROR;
				CLANG_WARN_QUOTED_INCLUDE_IN_FRAMEWORK_HEADER = YES;
				CLANG_WARN_RANGE_LOOP_ANALYSIS = YES;
				CLANG_WARN_STRICT_PROTOTYPES = YES;
				CLANG_WARN_SUSPICIOUS_MOVE = YES;
				CLANG_WARN_UNGUARDED_AVAILABILITY = YES_AGGRESSIVE;
				CLANG_WARN_UNREACHABLE_CODE = YES;
				CLANG_WARN__DUPLICATE_METHOD_MATCH = YES;
				COPY_PHASE_STRIP = NO;
				DEBUG_INFORMATION_FORMAT = "dwarf-with-dsym";
				ENABLE_NS_ASSERTIONS = NO;
				ENABLE_STRICT_OBJC_MSGSEND = YES;
				GCC_C_LANGUAGE_STANDARD = gnu11;
				GCC_NO_COMMON_BLOCKS = YES;
				GCC_WARN_64_TO_32_BIT_CONVERSION = YES;
				GCC_WARN_ABOUT_RETURN_TYPE = YES_ERROR;
				GCC_WARN_UNDECLARED_SELECTOR = YES;
				GCC_WARN_UNINITIALIZED_AUTOS = YES_AGGRESSIVE;
				GCC_WARN_UNUSED_FUNCTION = YES;
				GCC_WARN_UNUSED_VARIABLE = YES;
				IPHONEOS_DEPLOYMENT_TARGET = 16.4;
				MTL_ENABLE_DEBUG_INFO = NO;
				MTL_FAST_MATH = YES;
				SDKROOT = iphoneos;
				SWIFT_COMPILATION_MODE = wholemodule;
				SWIFT_OPTIMIZATION_LEVEL = "-O";
				VALIDATE_PRODUCT = YES;
			};
			name = Release;
		};
		51093CA32CDBCEAE00AC9DE6 /* Debug */ = {
			isa = XCBuildConfiguration;
			buildSettings = {
				ASSETCATALOG_COMPILER_APPICON_NAME = AppIcon;
				ASSETCATALOG_COMPILER_GLOBAL_ACCENT_COLOR_NAME = AccentColor;
				CODE_SIGN_IDENTITY = "Apple Development";
				CODE_SIGN_STYLE = Automatic;
				CURRENT_PROJECT_VERSION = 1;
				DEVELOPMENT_TEAM = 24QM6Z7A74;
				GENERATE_INFOPLIST_FILE = YES;
				INFOPLIST_FILE = "Football Chants/Info.plist";
				INFOPLIST_KEY_UIApplicationSupportsIndirectInputEvents = YES;
				INFOPLIST_KEY_UILaunchStoryboardName = LaunchScreen;
				INFOPLIST_KEY_UIMainStoryboardFile = Main;
				INFOPLIST_KEY_UISupportedInterfaceOrientations_iPad = "UIInterfaceOrientationPortrait UIInterfaceOrientationPortraitUpsideDown UIInterfaceOrientationLandscapeLeft UIInterfaceOrientationLandscapeRight";
				INFOPLIST_KEY_UISupportedInterfaceOrientations_iPhone = "UIInterfaceOrientationPortrait UIInterfaceOrientationLandscapeLeft UIInterfaceOrientationLandscapeRight";
				LD_RUNPATH_SEARCH_PATHS = (
					"$(inherited)",
					"@executable_path/Frameworks",
				);
				MARKETING_VERSION = 1.0;
				PRODUCT_BUNDLE_IDENTIFIER = "com.dfcapps.Football-Chants";
				PRODUCT_NAME = "$(TARGET_NAME)";
				PROVISIONING_PROFILE_SPECIFIER = "";
				SWIFT_EMIT_LOC_STRINGS = YES;
				SWIFT_VERSION = 5.0;
				TARGETED_DEVICE_FAMILY = "1,2";
			};
			name = Debug;
		};
		51093CA42CDBCEAE00AC9DE6 /* Release */ = {
			isa = XCBuildConfiguration;
			buildSettings = {
				ASSETCATALOG_COMPILER_APPICON_NAME = AppIcon;
				ASSETCATALOG_COMPILER_GLOBAL_ACCENT_COLOR_NAME = AccentColor;
				CODE_SIGN_IDENTITY = "Apple Development";
				CODE_SIGN_STYLE = Automatic;
				CURRENT_PROJECT_VERSION = 1;
				DEVELOPMENT_TEAM = 24QM6Z7A74;
				GENERATE_INFOPLIST_FILE = YES;
				INFOPLIST_FILE = "Football Chants/Info.plist";
				INFOPLIST_KEY_UIApplicationSupportsIndirectInputEvents = YES;
				INFOPLIST_KEY_UILaunchStoryboardName = LaunchScreen;
				INFOPLIST_KEY_UIMainStoryboardFile = Main;
				INFOPLIST_KEY_UISupportedInterfaceOrientations_iPad = "UIInterfaceOrientationPortrait UIInterfaceOrientationPortraitUpsideDown UIInterfaceOrientationLandscapeLeft UIInterfaceOrientationLandscapeRight";
				INFOPLIST_KEY_UISupportedInterfaceOrientations_iPhone = "UIInterfaceOrientationPortrait UIInterfaceOrientationLandscapeLeft UIInterfaceOrientationLandscapeRight";
				LD_RUNPATH_SEARCH_PATHS = (
					"$(inherited)",
					"@executable_path/Frameworks",
				);
				MARKETING_VERSION = 1.0;
				PRODUCT_BUNDLE_IDENTIFIER = "com.dfcapps.Football-Chants";
				PRODUCT_NAME = "$(TARGET_NAME)";
				PROVISIONING_PROFILE_SPECIFIER = "";
				SWIFT_EMIT_LOC_STRINGS = YES;
				SWIFT_VERSION = 5.0;
				TARGETED_DEVICE_FAMILY = "1,2";
			};
			name = Release;
		};
/* End XCBuildConfiguration section */

/* Begin XCConfigurationList section */
		51093C892CDBCEAD00AC9DE6 /* Build configuration list for PBXProject "Football Chants" */ = {
			isa = XCConfigurationList;
			buildConfigurations = (
				51093CA02CDBCEAE00AC9DE6 /* Debug */,
				51093CA12CDBCEAE00AC9DE6 /* Release */,
			);
			defaultConfigurationIsVisible = 0;
			defaultConfigurationName = Release;
		};
		51093CA22CDBCEAE00AC9DE6 /* Build configuration list for PBXNativeTarget "Football Chants" */ = {
			isa = XCConfigurationList;
			buildConfigurations = (
				51093CA32CDBCEAE00AC9DE6 /* Debug */,
				51093CA42CDBCEAE00AC9DE6 /* Release */,
			);
			defaultConfigurationIsVisible = 0;
			defaultConfigurationName = Release;
		};
/* End XCConfigurationList section */
	};
	rootObject = 51093C862CDBCEAD00AC9DE6 /* Project object */;
}
